
Microsoft Visual Studio Solution File, Format Version 12.00
# Visual Studio Version 17
VisualStudioVersion = 17.10.35013.160
MinimumVisualStudioVersion = 10.0.40219.1
Project("{9A19103F-16F7-4668-BE54-9A1E7A4F7556}") = "Example.Sender", "Example.Sender.csproj", "{E98730BB-523F-4FCC-8F63-1531A635E9C0}"
EndProject
Project("{9A19103F-16F7-4668-BE54-9A1E7A4F7556}") = "Example.Events", "..\Exemple.Events\Example.Events.csproj", "{6D6FDEE6-E365-4595-ADFD-081C4C2B65A8}"
EndProject
Project("{9A19103F-16F7-4668-BE54-9A1E7A4F7556}") = "Example.Dto", "..\Example.Data\Example.Dto.csproj", "{E8143103-7BFA-4B2C-9A82-F7BBD2A8BEE7}"
EndProject
Project("{FAE04EC0-301F-11D3-BF4B-00C04F79EFBC}") = "Example.Receiver", "..\Example.Receiver\Example.Receiver.csproj", "{B44620D1-7591-45D5-9D87-4E4F6BDA8F0E}"
EndProject
Project("{2150E333-8FDC-42A3-9474-1A3956D46DE8}") = "Example.Apps", "Example.Apps", "{C388A024-2DB3-474B-9895-8DE9C23BA875}"
EndProject
Global
	GlobalSection(SolutionConfigurationPlatforms) = preSolution
		Debug|Any CPU = Debug|Any CPU
		Release|Any CPU = Release|Any CPU
	EndGlobalSection
	GlobalSection(ProjectConfigurationPlatforms) = postSolution
		{E98730BB-523F-4FCC-8F63-1531A635E9C0}.Debug|Any CPU.ActiveCfg = Debug|Any CPU
		{E98730BB-523F-4FCC-8F63-1531A635E9C0}.Debug|Any CPU.Build.0 = Debug|Any CPU
		{E98730BB-523F-4FCC-8F63-1531A635E9C0}.Release|Any CPU.ActiveCfg = Release|Any CPU
		{E98730BB-523F-4FCC-8F63-1531A635E9C0}.Release|Any CPU.Build.0 = Release|Any CPU
		{6D6FDEE6-E365-4595-ADFD-081C4C2B65A8}.Debug|Any CPU.ActiveCfg = Debug|Any CPU
		{6D6FDEE6-E365-4595-ADFD-081C4C2B65A8}.Debug|Any CPU.Build.0 = Debug|Any CPU
		{6D6FDEE6-E365-4595-ADFD-081C4C2B65A8}.Release|Any CPU.ActiveCfg = Release|Any CPU
		{6D6FDEE6-E365-4595-ADFD-081C4C2B65A8}.Release|Any CPU.Build.0 = Release|Any CPU
		{E8143103-7BFA-4B2C-9A82-F7BBD2A8BEE7}.Debug|Any CPU.ActiveCfg = Debug|Any CPU
		{E8143103-7BFA-4B2C-9A82-F7BBD2A8BEE7}.Debug|Any CPU.Build.0 = Debug|Any CPU
		{E8143103-7BFA-4B2C-9A82-F7BBD2A8BEE7}.Release|Any CPU.ActiveCfg = Release|Any CPU
		{E8143103-7BFA-4B2C-9A82-F7BBD2A8BEE7}.Release|Any CPU.Build.0 = Release|Any CPU
		{B44620D1-7591-45D5-9D87-4E4F6BDA8F0E}.Debug|Any CPU.ActiveCfg = Debug|Any CPU
		{B44620D1-7591-45D5-9D87-4E4F6BDA8F0E}.Debug|Any CPU.Build.0 = Debug|Any CPU
		{B44620D1-7591-45D5-9D87-4E4F6BDA8F0E}.Release|Any CPU.ActiveCfg = Release|Any CPU
		{B44620D1-7591-45D5-9D87-4E4F6BDA8F0E}.Release|Any CPU.Build.0 = Release|Any CPU
	EndGlobalSection
	GlobalSection(SolutionProperties) = preSolution
		HideSolutionNode = FALSE
	EndGlobalSection
	GlobalSection(NestedProjects) = preSolution
		{E98730BB-523F-4FCC-8F63-1531A635E9C0} = {C388A024-2DB3-474B-9895-8DE9C23BA875}
		{B44620D1-7591-45D5-9D87-4E4F6BDA8F0E} = {C388A024-2DB3-474B-9895-8DE9C23BA875}
	EndGlobalSection
	GlobalSection(ExtensibilityGlobals) = postSolution
		SolutionGuid = {DA0812A0-BFFA-4E2C-B845-EB69936E668E}
	EndGlobalSection
EndGlobal
