
Microsoft Visual Studio Solution File, Format Version 12.00
# Visual Studio Version 17
VisualStudioVersion = 17.2.32505.173
MinimumVisualStudioVersion = 10.0.40219.1
Project("{9A19103F-16F7-4668-BE54-9A1E7A4F7556}") = "Example.Events", "Example.Events\Example.Events.csproj", "{2717AF6F-34CC-4EC5-8973-46E8CE5D563C}"
EndProject
Project("{9A19103F-16F7-4668-BE54-9A1E7A4F7556}") = "Example.Accommodation.EventProcessor", "Example.Accomodation.EventProcessor\Example.Accommodation.EventProcessor.csproj", "{303E27A3-4742-4A04-AFF3-D1695ED91487}"
EndProject
Project("{9A19103F-16F7-4668-BE54-9A1E7A4F7556}") = "Example.Dto", "Example.Dto\Example.Dto.csproj", "{D63782A5-AC6C-4C4E-B431-68CE7F3F4AD6}"
EndProject
Project("{9A19103F-16F7-4668-BE54-9A1E7A4F7556}") = "Example.Events.ServiceBus", "Example.Events.ServiceBus\Example.Events.ServiceBus.csproj", "{E9847EDC-7B58-4695-AD53-F8180E0B3F5C}"
EndProject
Project("{2150E333-8FDC-42A3-9474-1A3956D46DE8}") = "Messaging", "Messaging", "{F6FE3E72-5071-4AE9-8F87-5F2D9DFDAB34}"
EndProject
Project("{2150E333-8FDC-42A3-9474-1A3956D46DE8}") = "Domain", "Domain", "{710BCF01-5D3B-41D7-8AE4-166497A7D506}"
EndProject
Global
	GlobalSection(SolutionConfigurationPlatforms) = preSolution
		Debug|Any CPU = Debug|Any CPU
		Release|Any CPU = Release|Any CPU
	EndGlobalSection
	GlobalSection(ProjectConfigurationPlatforms) = postSolution
		{2717AF6F-34CC-4EC5-8973-46E8CE5D563C}.Debug|Any CPU.ActiveCfg = Debug|Any CPU
		{2717AF6F-34CC-4EC5-8973-46E8CE5D563C}.Debug|Any CPU.Build.0 = Debug|Any CPU
		{2717AF6F-34CC-4EC5-8973-46E8CE5D563C}.Release|Any CPU.ActiveCfg = Release|Any CPU
		{2717AF6F-34CC-4EC5-8973-46E8CE5D563C}.Release|Any CPU.Build.0 = Release|Any CPU
		{303E27A3-4742-4A04-AFF3-D1695ED91487}.Debug|Any CPU.ActiveCfg = Debug|Any CPU
		{303E27A3-4742-4A04-AFF3-D1695ED91487}.Debug|Any CPU.Build.0 = Debug|Any CPU
		{303E27A3-4742-4A04-AFF3-D1695ED91487}.Release|Any CPU.ActiveCfg = Release|Any CPU
		{303E27A3-4742-4A04-AFF3-D1695ED91487}.Release|Any CPU.Build.0 = Release|Any CPU
		{D63782A5-AC6C-4C4E-B431-68CE7F3F4AD6}.Debug|Any CPU.ActiveCfg = Debug|Any CPU
		{D63782A5-AC6C-4C4E-B431-68CE7F3F4AD6}.Debug|Any CPU.Build.0 = Debug|Any CPU
		{D63782A5-AC6C-4C4E-B431-68CE7F3F4AD6}.Release|Any CPU.ActiveCfg = Release|Any CPU
		{D63782A5-AC6C-4C4E-B431-68CE7F3F4AD6}.Release|Any CPU.Build.0 = Release|Any CPU
		{E9847EDC-7B58-4695-AD53-F8180E0B3F5C}.Debug|Any CPU.ActiveCfg = Debug|Any CPU
		{E9847EDC-7B58-4695-AD53-F8180E0B3F5C}.Debug|Any CPU.Build.0 = Debug|Any CPU
		{E9847EDC-7B58-4695-AD53-F8180E0B3F5C}.Release|Any CPU.ActiveCfg = Release|Any CPU
		{E9847EDC-7B58-4695-AD53-F8180E0B3F5C}.Release|Any CPU.Build.0 = Release|Any CPU
	EndGlobalSection
	GlobalSection(SolutionProperties) = preSolution
		HideSolutionNode = FALSE
	EndGlobalSection
	GlobalSection(NestedProjects) = preSolution
		{2717AF6F-34CC-4EC5-8973-46E8CE5D563C} = {F6FE3E72-5071-4AE9-8F87-5F2D9DFDAB34}
		{D63782A5-AC6C-4C4E-B431-68CE7F3F4AD6} = {710BCF01-5D3B-41D7-8AE4-166497A7D506}
		{E9847EDC-7B58-4695-AD53-F8180E0B3F5C} = {F6FE3E72-5071-4AE9-8F87-5F2D9DFDAB34}
	EndGlobalSection
	GlobalSection(ExtensibilityGlobals) = postSolution
		SolutionGuid = {F3A3FF5D-A239-4BEE-8A54-89D10ED6D952}
	EndGlobalSection
EndGlobal
